
Microsoft Visual Studio Solution File, Format Version 12.00
# Visual Studio 15
VisualStudioVersion = 15.0.28307.1340
MinimumVisualStudioVersion = 10.0.40219.1
Project("{8BC9CEB8-8B4A-11D0-8D11-00A0C91BC942}") = "MyCrown", "apps\MyCrown.vcxproj", "{5F1FE5D9-0EFB-4091-9B96-345265AF963F}"
EndProject
Project("{8BC9CEB8-8B4A-11D0-8D11-00A0C91BC942}") = "unit_test_memory", "apps\unit_test_memory\unit_test_memory.vcxproj", "{542B5B05-BE1D-4252-9830-677A1F37E101}"
EndProject
Global
	GlobalSection(SolutionConfigurationPlatforms) = preSolution
		Debug|x64 = Debug|x64
		Debug|x86 = Debug|x86
		Release|x64 = Release|x64
		Release|x86 = Release|x86
	EndGlobalSection
	GlobalSection(ProjectConfigurationPlatforms) = postSolution
		{5F1FE5D9-0EFB-4091-9B96-345265AF963F}.Debug|x64.ActiveCfg = Debug|x64
		{5F1FE5D9-0EFB-4091-9B96-345265AF963F}.Debug|x64.Build.0 = Debug|x64
		{5F1FE5D9-0EFB-4091-9B96-345265AF963F}.Debug|x86.ActiveCfg = Debug|Win32
		{5F1FE5D9-0EFB-4091-9B96-345265AF963F}.Debug|x86.Build.0 = Debug|Win32
		{5F1FE5D9-0EFB-4091-9B96-345265AF963F}.Release|x64.ActiveCfg = Release|x64
		{5F1FE5D9-0EFB-4091-9B96-345265AF963F}.Release|x64.Build.0 = Release|x64
		{5F1FE5D9-0EFB-4091-9B96-345265AF963F}.Release|x86.ActiveCfg = Release|Win32
		{5F1FE5D9-0EFB-4091-9B96-345265AF963F}.Release|x86.Build.0 = Release|Win32
		{542B5B05-BE1D-4252-9830-677A1F37E101}.Debug|x64.ActiveCfg = Debug|x64
		{542B5B05-BE1D-4252-9830-677A1F37E101}.Debug|x64.Build.0 = Debug|x64
		{542B5B05-BE1D-4252-9830-677A1F37E101}.Debug|x86.ActiveCfg = Debug|Win32
		{542B5B05-BE1D-4252-9830-677A1F37E101}.Debug|x86.Build.0 = Debug|Win32
		{542B5B05-BE1D-4252-9830-677A1F37E101}.Release|x64.ActiveCfg = Release|x64
		{542B5B05-BE1D-4252-9830-677A1F37E101}.Release|x64.Build.0 = Release|x64
		{542B5B05-BE1D-4252-9830-677A1F37E101}.Release|x86.ActiveCfg = Release|Win32
		{542B5B05-BE1D-4252-9830-677A1F37E101}.Release|x86.Build.0 = Release|Win32
	EndGlobalSection
	GlobalSection(SolutionProperties) = preSolution
		HideSolutionNode = FALSE
	EndGlobalSection
	GlobalSection(ExtensibilityGlobals) = postSolution
		SolutionGuid = {49624D4F-8589-444F-98BD-F48FD1DDD74C}
	EndGlobalSection
EndGlobal
